
Microsoft Visual Studio Solution File, Format Version 12.00
# Visual Studio Version 16
VisualStudioVersion = 16.0.31129.286
MinimumVisualStudioVersion = 10.0.40219.1
Project("{FAE04EC0-301F-11D3-BF4B-00C04F79EFBC}") = "senai.inlock.webApi.", "..\senai.inlock.webApi\senai.inlock.webApi\senai.inlock.webApi..csproj", "{84D5EF94-74DD-469E-8273-018DFF311F05}"
EndProject
Global
	GlobalSection(SolutionConfigurationPlatforms) = preSolution
		Debug|Any CPU = Debug|Any CPU
		Release|Any CPU = Release|Any CPU
	EndGlobalSection
	GlobalSection(ProjectConfigurationPlatforms) = postSolution
		{84D5EF94-74DD-469E-8273-018DFF311F05}.Debug|Any CPU.ActiveCfg = Debug|Any CPU
		{84D5EF94-74DD-469E-8273-018DFF311F05}.Debug|Any CPU.Build.0 = Debug|Any CPU
		{84D5EF94-74DD-469E-8273-018DFF311F05}.Release|Any CPU.ActiveCfg = Release|Any CPU
		{84D5EF94-74DD-469E-8273-018DFF311F05}.Release|Any CPU.Build.0 = Release|Any CPU
	EndGlobalSection
	GlobalSection(SolutionProperties) = preSolution
		HideSolutionNode = FALSE
	EndGlobalSection
	GlobalSection(ExtensibilityGlobals) = postSolution
		SolutionGuid = {2671E4B7-4515-4665-8C76-D4AB86D578C9}
	EndGlobalSection
EndGlobal
