
Microsoft Visual Studio Solution File, Format Version 12.00
# Visual Studio Version 16
VisualStudioVersion = 16.0.31129.286
MinimumVisualStudioVersion = 10.0.40219.1
Project("{FAE04EC0-301F-11D3-BF4B-00C04F79EFBC}") = "Senai.Peoples.WebApi", "Senai.Peoples.WebApi\Senai.Peoples.WebApi.csproj", "{C100C9C4-7D5F-43F1-9DDA-4518FAAD6029}"
EndProject
Global
	GlobalSection(SolutionConfigurationPlatforms) = preSolution
		Debug|Any CPU = Debug|Any CPU
		Release|Any CPU = Release|Any CPU
	EndGlobalSection
	GlobalSection(ProjectConfigurationPlatforms) = postSolution
		{C100C9C4-7D5F-43F1-9DDA-4518FAAD6029}.Debug|Any CPU.ActiveCfg = Debug|Any CPU
		{C100C9C4-7D5F-43F1-9DDA-4518FAAD6029}.Debug|Any CPU.Build.0 = Debug|Any CPU
		{C100C9C4-7D5F-43F1-9DDA-4518FAAD6029}.Release|Any CPU.ActiveCfg = Release|Any CPU
		{C100C9C4-7D5F-43F1-9DDA-4518FAAD6029}.Release|Any CPU.Build.0 = Release|Any CPU
	EndGlobalSection
	GlobalSection(SolutionProperties) = preSolution
		HideSolutionNode = FALSE
	EndGlobalSection
	GlobalSection(ExtensibilityGlobals) = postSolution
		SolutionGuid = {5BE4595D-67E1-4F23-8DA7-EBA52D894BAD}
	EndGlobalSection
EndGlobal
